
Microsoft Visual Studio Solution File, Format Version 12.00
# Visual Studio Version 16
VisualStudioVersion = 16.0.28922.388
MinimumVisualStudioVersion = 10.0.40219.1
Project("{9A19103F-16F7-4668-BE54-9A1E7A4F7556}") = "CarOrder.Services", "CarOrderandTracker\CarOrder.Services.csproj", "{EC0D4811-AEBC-4789-8527-96CC03AF8C83}"
EndProject
Project("{9A19103F-16F7-4668-BE54-9A1E7A4F7556}") = "CarOrder.Domain", "CarOrder.Aggregate.Model\CarOrder.Domain.csproj", "{DE74ED01-BA0D-43C4-9687-B8C0710A44D2}"
EndProject
Project("{9A19103F-16F7-4668-BE54-9A1E7A4F7556}") = "CarOrder.Business", "CarOrder.Aggregate.Repos\CarOrder.Business.csproj", "{072473F2-CBF5-4B22-8F9B-84E64546827A}"
EndProject
Global
	GlobalSection(SolutionConfigurationPlatforms) = preSolution
		Debug|Any CPU = Debug|Any CPU
		Release|Any CPU = Release|Any CPU
	EndGlobalSection
	GlobalSection(ProjectConfigurationPlatforms) = postSolution
		{EC0D4811-AEBC-4789-8527-96CC03AF8C83}.Debug|Any CPU.ActiveCfg = Debug|Any CPU
		{EC0D4811-AEBC-4789-8527-96CC03AF8C83}.Debug|Any CPU.Build.0 = Debug|Any CPU
		{EC0D4811-AEBC-4789-8527-96CC03AF8C83}.Release|Any CPU.ActiveCfg = Release|Any CPU
		{EC0D4811-AEBC-4789-8527-96CC03AF8C83}.Release|Any CPU.Build.0 = Release|Any CPU
		{DE74ED01-BA0D-43C4-9687-B8C0710A44D2}.Debug|Any CPU.ActiveCfg = Debug|Any CPU
		{DE74ED01-BA0D-43C4-9687-B8C0710A44D2}.Debug|Any CPU.Build.0 = Debug|Any CPU
		{DE74ED01-BA0D-43C4-9687-B8C0710A44D2}.Release|Any CPU.ActiveCfg = Release|Any CPU
		{DE74ED01-BA0D-43C4-9687-B8C0710A44D2}.Release|Any CPU.Build.0 = Release|Any CPU
		{072473F2-CBF5-4B22-8F9B-84E64546827A}.Debug|Any CPU.ActiveCfg = Debug|Any CPU
		{072473F2-CBF5-4B22-8F9B-84E64546827A}.Debug|Any CPU.Build.0 = Debug|Any CPU
		{072473F2-CBF5-4B22-8F9B-84E64546827A}.Release|Any CPU.ActiveCfg = Release|Any CPU
		{072473F2-CBF5-4B22-8F9B-84E64546827A}.Release|Any CPU.Build.0 = Release|Any CPU
	EndGlobalSection
	GlobalSection(SolutionProperties) = preSolution
		HideSolutionNode = FALSE
	EndGlobalSection
	GlobalSection(ExtensibilityGlobals) = postSolution
		SolutionGuid = {255B7B81-7786-4FC6-9C9F-E77DCA7E5ECE}
	EndGlobalSection
EndGlobal
